// !$*UTF8*$!
{
	archiveVersion = 1;
	classes = {
	};
	objectVersion = 56;
	objects = {

/* Begin PBXBuildFile section */
		651A242B2BEAD9710092375C /* AppDelegate.swift in Sources */ = {isa = PBXBuildFile; fileRef = 651A242A2BEAD9710092375C /* AppDelegate.swift */; };
		651A242D2BEAD9710092375C /* SceneDelegate.swift in Sources */ = {isa = PBXBuildFile; fileRef = 651A242C2BEAD9710092375C /* SceneDelegate.swift */; };
		651A24322BEAD9710092375C /* Main.storyboard in Resources */ = {isa = PBXBuildFile; fileRef = 651A24302BEAD9710092375C /* Main.storyboard */; };
		651A24352BEAD9710092375C /* project.xcdatamodeld in Sources */ = {isa = PBXBuildFile; fileRef = 651A24332BEAD9710092375C /* project.xcdatamodeld */; };
		651A24372BEAD9720092375C /* Assets.xcassets in Resources */ = {isa = PBXBuildFile; fileRef = 651A24362BEAD9720092375C /* Assets.xcassets */; };
		651A243A2BEAD9720092375C /* LaunchScreen.storyboard in Resources */ = {isa = PBXBuildFile; fileRef = 651A24382BEAD9720092375C /* LaunchScreen.storyboard */; };
		651A24442BEAF3E30092375C /* ListTableViewController.swift in Sources */ = {isa = PBXBuildFile; fileRef = 651A24432BEAF3E20092375C /* ListTableViewController.swift */; };
		651A24462BEAF42E0092375C /* EditViewController.swift in Sources */ = {isa = PBXBuildFile; fileRef = 651A24452BEAF42E0092375C /* EditViewController.swift */; };
		651A24482BEAF43F0092375C /* DetailViewController.swift in Sources */ = {isa = PBXBuildFile; fileRef = 651A24472BEAF43F0092375C /* DetailViewController.swift */; };
		65919D142BEC33C10030A283 /* ProblemLib.xcdatamodeld in Sources */ = {isa = PBXBuildFile; fileRef = 65919D122BEC33C10030A283 /* ProblemLib.xcdatamodeld */; };
		65919D162BEC3B020030A283 /* UIViewController+Context.swift in Sources */ = {isa = PBXBuildFile; fileRef = 65919D152BEC3B020030A283 /* UIViewController+Context.swift */; };
/* End PBXBuildFile section */

/* Begin PBXFileReference section */
		651A24272BEAD9710092375C /* project.app */ = {isa = PBXFileReference; explicitFileType = wrapper.application; includeInIndex = 0; path = project.app; sourceTree = BUILT_PRODUCTS_DIR; };
		651A242A2BEAD9710092375C /* AppDelegate.swift */ = {isa = PBXFileReference; lastKnownFileType = sourcecode.swift; path = AppDelegate.swift; sourceTree = "<group>"; };
		651A242C2BEAD9710092375C /* SceneDelegate.swift */ = {isa = PBXFileReference; lastKnownFileType = sourcecode.swift; path = SceneDelegate.swift; sourceTree = "<group>"; };
		651A24312BEAD9710092375C /* Base */ = {isa = PBXFileReference; lastKnownFileType = file.storyboard; name = Base; path = Base.lproj/Main.storyboard; sourceTree = "<group>"; };
		651A24342BEAD9710092375C /* project.xcdatamodel */ = {isa = PBXFileReference; lastKnownFileType = wrapper.xcdatamodel; path = project.xcdatamodel; sourceTree = "<group>"; };
		651A24362BEAD9720092375C /* Assets.xcassets */ = {isa = PBXFileReference; lastKnownFileType = folder.assetcatalog; path = Assets.xcassets; sourceTree = "<group>"; };
		651A24392BEAD9720092375C /* Base */ = {isa = PBXFileReference; lastKnownFileType = file.storyboard; name = Base; path = Base.lproj/LaunchScreen.storyboard; sourceTree = "<group>"; };
		651A243B2BEAD9720092375C /* Info.plist */ = {isa = PBXFileReference; lastKnownFileType = text.plist.xml; path = Info.plist; sourceTree = "<group>"; };
		651A24432BEAF3E20092375C /* ListTableViewController.swift */ = {isa = PBXFileReference; lastKnownFileType = sourcecode.swift; path = ListTableViewController.swift; sourceTree = "<group>"; };
		651A24452BEAF42E0092375C /* EditViewController.swift */ = {isa = PBXFileReference; lastKnownFileType = sourcecode.swift; path = EditViewController.swift; sourceTree = "<group>"; };
		651A24472BEAF43F0092375C /* DetailViewController.swift */ = {isa = PBXFileReference; lastKnownFileType = sourcecode.swift; path = DetailViewController.swift; sourceTree = "<group>"; };
		65919D132BEC33C10030A283 /* ProblemLib.xcdatamodel */ = {isa = PBXFileReference; lastKnownFileType = wrapper.xcdatamodel; path = ProblemLib.xcdatamodel; sourceTree = "<group>"; };
		65919D152BEC3B020030A283 /* UIViewController+Context.swift */ = {isa = PBXFileReference; lastKnownFileType = sourcecode.swift; path = "UIViewController+Context.swift"; sourceTree = "<group>"; };
/* End PBXFileReference section */

/* Begin PBXFrameworksBuildPhase section */
		651A24242BEAD9710092375C /* Frameworks */ = {
			isa = PBXFrameworksBuildPhase;
			buildActionMask = 2147483647;
			files = (
			);
			runOnlyForDeploymentPostprocessing = 0;
		};
/* End PBXFrameworksBuildPhase section */

/* Begin PBXGroup section */
		651A241E2BEAD9710092375C = {
			isa = PBXGroup;
			children = (
				651A24292BEAD9710092375C /* project */,
				651A24282BEAD9710092375C /* Products */,
			);
			sourceTree = "<group>";
		};
		651A24282BEAD9710092375C /* Products */ = {
			isa = PBXGroup;
			children = (
				651A24272BEAD9710092375C /* project.app */,
			);
			name = Products;
			sourceTree = "<group>";
		};
		651A24292BEAD9710092375C /* project */ = {
			isa = PBXGroup;
			children = (
				651A24422BEADF0B0092375C /* edit */,
				651A24412BEADEF80092375C /* detail */,
				651A242A2BEAD9710092375C /* AppDelegate.swift */,
				651A242C2BEAD9710092375C /* SceneDelegate.swift */,
				651A24302BEAD9710092375C /* Main.storyboard */,
				651A24432BEAF3E20092375C /* ListTableViewController.swift */,
				651A24362BEAD9720092375C /* Assets.xcassets */,
				651A24382BEAD9720092375C /* LaunchScreen.storyboard */,
				651A243B2BEAD9720092375C /* Info.plist */,
				651A24332BEAD9710092375C /* project.xcdatamodeld */,
				65919D122BEC33C10030A283 /* ProblemLib.xcdatamodeld */,
				65919D152BEC3B020030A283 /* UIViewController+Context.swift */,
			);
			path = project;
			sourceTree = "<group>";
		};
		651A24412BEADEF80092375C /* detail */ = {
			isa = PBXGroup;
			children = (
				651A24472BEAF43F0092375C /* DetailViewController.swift */,
			);
			path = detail;
			sourceTree = "<group>";
		};
		651A24422BEADF0B0092375C /* edit */ = {
			isa = PBXGroup;
			children = (
				651A24452BEAF42E0092375C /* EditViewController.swift */,
			);
			path = edit;
			sourceTree = "<group>";
		};
/* End PBXGroup section */

/* Begin PBXNativeTarget section */
		651A24262BEAD9710092375C /* project */ = {
			isa = PBXNativeTarget;
			buildConfigurationList = 651A243E2BEAD9720092375C /* Build configuration list for PBXNativeTarget "project" */;
			buildPhases = (
				651A24232BEAD9710092375C /* Sources */,
				651A24242BEAD9710092375C /* Frameworks */,
				651A24252BEAD9710092375C /* Resources */,
			);
			buildRules = (
			);
			dependencies = (
			);
			name = project;
			productName = project;
			productReference = 651A24272BEAD9710092375C /* project.app */;
			productType = "com.apple.product-type.application";
		};
/* End PBXNativeTarget section */

/* Begin PBXProject section */
		651A241F2BEAD9710092375C /* Project object */ = {
			isa = PBXProject;
			attributes = {
				BuildIndependentTargetsInParallel = 1;
				LastSwiftUpdateCheck = 1520;
				LastUpgradeCheck = 1520;
				TargetAttributes = {
					651A24262BEAD9710092375C = {
						CreatedOnToolsVersion = 15.2;
					};
				};
			};
			buildConfigurationList = 651A24222BEAD9710092375C /* Build configuration list for PBXProject "project" */;
			compatibilityVersion = "Xcode 14.0";
			developmentRegion = en;
			hasScannedForEncodings = 0;
			knownRegions = (
				en,
				Base,
			);
			mainGroup = 651A241E2BEAD9710092375C;
			productRefGroup = 651A24282BEAD9710092375C /* Products */;
			projectDirPath = "";
			projectRoot = "";
			targets = (
				651A24262BEAD9710092375C /* project */,
			);
		};
/* End PBXProject section */

/* Begin PBXResourcesBuildPhase section */
		651A24252BEAD9710092375C /* Resources */ = {
			isa = PBXResourcesBuildPhase;
			buildActionMask = 2147483647;
			files = (
				651A243A2BEAD9720092375C /* LaunchScreen.storyboard in Resources */,
				651A24372BEAD9720092375C /* Assets.xcassets in Resources */,
				651A24322BEAD9710092375C /* Main.storyboard in Resources */,
			);
			runOnlyForDeploymentPostprocessing = 0;
		};
/* End PBXResourcesBuildPhase section */

/* Begin PBXSourcesBuildPhase section */
		651A24232BEAD9710092375C /* Sources */ = {
			isa = PBXSourcesBuildPhase;
			buildActionMask = 2147483647;
			files = (
				651A242B2BEAD9710092375C /* AppDelegate.swift in Sources */,
				651A24462BEAF42E0092375C /* EditViewController.swift in Sources */,
				651A242D2BEAD9710092375C /* SceneDelegate.swift in Sources */,
				651A24442BEAF3E30092375C /* ListTableViewController.swift in Sources */,
				651A24352BEAD9710092375C /* project.xcdatamodeld in Sources */,
				651A24482BEAF43F0092375C /* DetailViewController.swift in Sources */,
				65919D162BEC3B020030A283 /* UIViewController+Context.swift in Sources */,
				65919D142BEC33C10030A283 /* ProblemLib.xcdatamodeld in Sources */,
			);
			runOnlyForDeploymentPostprocessing = 0;
		};
/* End PBXSourcesBuildPhase section */

/* Begin PBXVariantGroup section */
		651A24302BEAD9710092375C /* Main.storyboard */ = {
			isa = PBXVariantGroup;
			children = (
				651A24312BEAD9710092375C /* Base */,
			);
			name = Main.storyboard;
			sourceTree = "<group>";
		};
		651A24382BEAD9720092375C /* LaunchScreen.storyboard */ = {
			isa = PBXVariantGroup;
			children = (
				651A24392BEAD9720092375C /* Base */,
			);
			name = LaunchScreen.storyboard;
			sourceTree = "<group>";
		};
/* End PBXVariantGroup section */

/* Begin XCBuildConfiguration section */
		651A243C2BEAD9720092375C /* Debug */ = {
			isa = XCBuildConfiguration;
			buildSettings = {
				ALWAYS_SEARCH_USER_PATHS = NO;
				ASSETCATALOG_COMPILER_GENERATE_SWIFT_ASSET_SYMBOL_EXTENSIONS = YES;
				CLANG_ANALYZER_NONNULL = YES;
				CLANG_ANALYZER_NUMBER_OBJECT_CONVERSION = YES_AGGRESSIVE;
				CLANG_CXX_LANGUAGE_STANDARD = "gnu++20";
				CLANG_ENABLE_MODULES = YES;
				CLANG_ENABLE_OBJC_ARC = YES;
				CLANG_ENABLE_OBJC_WEAK = YES;
				CLANG_WARN_BLOCK_CAPTURE_AUTORELEASING = YES;
				CLANG_WARN_BOOL_CONVERSION = YES;
				CLANG_WARN_COMMA = YES;
				CLANG_WARN_CONSTANT_CONVERSION = YES;
				CLANG_WARN_DEPRECATED_OBJC_IMPLEMENTATIONS = YES;
				CLANG_WARN_DIRECT_OBJC_ISA_USAGE = YES_ERROR;
				CLANG_WARN_DOCUMENTATION_COMMENTS = YES;
				CLANG_WARN_EMPTY_BODY = YES;
				CLANG_WARN_ENUM_CONVERSION = YES;
				CLANG_WARN_INFINITE_RECURSION = YES;
				CLANG_WARN_INT_CONVERSION = YES;
				CLANG_WARN_NON_LITERAL_NULL_CONVERSION = YES;
				CLANG_WARN_OBJC_IMPLICIT_RETAIN_SELF = YES;
				CLANG_WARN_OBJC_LITERAL_CONVERSION = YES;
				CLANG_WARN_OBJC_ROOT_CLASS = YES_ERROR;
				CLANG_WARN_QUOTED_INCLUDE_IN_FRAMEWORK_HEADER = YES;
				CLANG_WARN_RANGE_LOOP_ANALYSIS = YES;
				CLANG_WARN_STRICT_PROTOTYPES = YES;
				CLANG_WARN_SUSPICIOUS_MOVE = YES;
				CLANG_WARN_UNGUARDED_AVAILABILITY = YES_AGGRESSIVE;
				CLANG_WARN_UNREACHABLE_CODE = YES;
				CLANG_WARN__DUPLICATE_METHOD_MATCH = YES;
				COPY_PHASE_STRIP = NO;
				DEBUG_INFORMATION_FORMAT = dwarf;
				ENABLE_STRICT_OBJC_MSGSEND = YES;
				ENABLE_TESTABILITY = YES;
				ENABLE_USER_SCRIPT_SANDBOXING = YES;
				GCC_C_LANGUAGE_STANDARD = gnu17;
				GCC_DYNAMIC_NO_PIC = NO;
				GCC_NO_COMMON_BLOCKS = YES;
				GCC_OPTIMIZATION_LEVEL = 0;
				GCC_PREPROCESSOR_DEFINITIONS = (
					"DEBUG=1",
					"$(inherited)",
				);
				GCC_WARN_64_TO_32_BIT_CONVERSION = YES;
				GCC_WARN_ABOUT_RETURN_TYPE = YES_ERROR;
				GCC_WARN_UNDECLARED_SELECTOR = YES;
				GCC_WARN_UNINITIALIZED_AUTOS = YES_AGGRESSIVE;
				GCC_WARN_UNUSED_FUNCTION = YES;
				GCC_WARN_UNUSED_VARIABLE = YES;
				IPHONEOS_DEPLOYMENT_TARGET = 17.2;
				LOCALIZATION_PREFERS_STRING_CATALOGS = YES;
				MTL_ENABLE_DEBUG_INFO = INCLUDE_SOURCE;
				MTL_FAST_MATH = YES;
				ONLY_ACTIVE_ARCH = YES;
				SDKROOT = iphoneos;
				SWIFT_ACTIVE_COMPILATION_CONDITIONS = "DEBUG $(inherited)";
				SWIFT_OPTIMIZATION_LEVEL = "-Onone";
			};
			name = Debug;
		};
		651A243D2BEAD9720092375C /* Release */ = {
			isa = XCBuildConfiguration;
			buildSettings = {
				ALWAYS_SEARCH_USER_PATHS = NO;
				ASSETCATALOG_COMPILER_GENERATE_SWIFT_ASSET_SYMBOL_EXTENSIONS = YES;
				CLANG_ANALYZER_NONNULL = YES;
				CLANG_ANALYZER_NUMBER_OBJECT_CONVERSION = YES_AGGRESSIVE;
				CLANG_CXX_LANGUAGE_STANDARD = "gnu++20";
				CLANG_ENABLE_MODULES = YES;
				CLANG_ENABLE_OBJC_ARC = YES;
				CLANG_ENABLE_OBJC_WEAK = YES;
				CLANG_WARN_BLOCK_CAPTURE_AUTORELEASING = YES;
				CLANG_WARN_BOOL_CONVERSION = YES;
				CLANG_WARN_COMMA = YES;
				CLANG_WARN_CONSTANT_CONVERSION = YES;
				CLANG_WARN_DEPRECATED_OBJC_IMPLEMENTATIONS = YES;
				CLANG_WARN_DIRECT_OBJC_ISA_USAGE = YES_ERROR;
				CLANG_WARN_DOCUMENTATION_COMMENTS = YES;
				CLANG_WARN_EMPTY_BODY = YES;
				CLANG_WARN_ENUM_CONVERSION = YES;
				CLANG_WARN_INFINITE_RECURSION = YES;
				CLANG_WARN_INT_CONVERSION = YES;
				CLANG_WARN_NON_LITERAL_NULL_CONVERSION = YES;
				CLANG_WARN_OBJC_IMPLICIT_RETAIN_SELF = YES;
				CLANG_WARN_OBJC_LITERAL_CONVERSION = YES;
				CLANG_WARN_OBJC_ROOT_CLASS = YES_ERROR;
				CLANG_WARN_QUOTED_INCLUDE_IN_FRAMEWORK_HEADER = YES;
				CLANG_WARN_RANGE_LOOP_ANALYSIS = YES;
				CLANG_WARN_STRICT_PROTOTYPES = YES;
				CLANG_WARN_SUSPICIOUS_MOVE = YES;
				CLANG_WARN_UNGUARDED_AVAILABILITY = YES_AGGRESSIVE;
				CLANG_WARN_UNREACHABLE_CODE = YES;
				CLANG_WARN__DUPLICATE_METHOD_MATCH = YES;
				COPY_PHASE_STRIP = NO;
				DEBUG_INFORMATION_FORMAT = "dwarf-with-dsym";
				ENABLE_NS_ASSERTIONS = NO;
				ENABLE_STRICT_OBJC_MSGSEND = YES;
				ENABLE_USER_SCRIPT_SANDBOXING = YES;
				GCC_C_LANGUAGE_STANDARD = gnu17;
				GCC_NO_COMMON_BLOCKS = YES;
				GCC_WARN_64_TO_32_BIT_CONVERSION = YES;
				GCC_WARN_ABOUT_RETURN_TYPE = YES_ERROR;
				GCC_WARN_UNDECLARED_SELECTOR = YES;
				GCC_WARN_UNINITIALIZED_AUTOS = YES_AGGRESSIVE;
				GCC_WARN_UNUSED_FUNCTION = YES;
				GCC_WARN_UNUSED_VARIABLE = YES;
				IPHONEOS_DEPLOYMENT_TARGET = 17.2;
				LOCALIZATION_PREFERS_STRING_CATALOGS = YES;
				MTL_ENABLE_DEBUG_INFO = NO;
				MTL_FAST_MATH = YES;
				SDKROOT = iphoneos;
				SWIFT_COMPILATION_MODE = wholemodule;
				VALIDATE_PRODUCT = YES;
			};
			name = Release;
		};
		651A243F2BEAD9720092375C /* Debug */ = {
			isa = XCBuildConfiguration;
			buildSettings = {
				ASSETCATALOG_COMPILER_APPICON_NAME = AppIcon;
				ASSETCATALOG_COMPILER_GLOBAL_ACCENT_COLOR_NAME = AccentColor;
				CODE_SIGN_STYLE = Automatic;
				CURRENT_PROJECT_VERSION = 1;
				GENERATE_INFOPLIST_FILE = YES;
				INFOPLIST_FILE = project/Info.plist;
				INFOPLIST_KEY_UIApplicationSupportsIndirectInputEvents = YES;
				INFOPLIST_KEY_UILaunchStoryboardName = LaunchScreen;
				INFOPLIST_KEY_UIMainStoryboardFile = Main;
				INFOPLIST_KEY_UISupportedInterfaceOrientations_iPad = "UIInterfaceOrientationPortrait UIInterfaceOrientationPortraitUpsideDown UIInterfaceOrientationLandscapeLeft UIInterfaceOrientationLandscapeRight";
				INFOPLIST_KEY_UISupportedInterfaceOrientations_iPhone = "UIInterfaceOrientationPortrait UIInterfaceOrientationLandscapeLeft UIInterfaceOrientationLandscapeRight";
				LD_RUNPATH_SEARCH_PATHS = (
					"$(inherited)",
					"@executable_path/Frameworks",
				);
				MARKETING_VERSION = 1.0;
				PRODUCT_BUNDLE_IDENTIFIER = pedrex.com.project;
				PRODUCT_NAME = "$(TARGET_NAME)";
				SWIFT_EMIT_LOC_STRINGS = YES;
				SWIFT_VERSION = 5.0;
				TARGETED_DEVICE_FAMILY = "1,2";
			};
			name = Debug;
		};
		651A24402BEAD9720092375C /* Release */ = {
			isa = XCBuildConfiguration;
			buildSettings = {
				ASSETCATALOG_COMPILER_APPICON_NAME = AppIcon;
				ASSETCATALOG_COMPILER_GLOBAL_ACCENT_COLOR_NAME = AccentColor;
				CODE_SIGN_STYLE = Automatic;
				CURRENT_PROJECT_VERSION = 1;
				GENERATE_INFOPLIST_FILE = YES;
				INFOPLIST_FILE = project/Info.plist;
				INFOPLIST_KEY_UIApplicationSupportsIndirectInputEvents = YES;
				INFOPLIST_KEY_UILaunchStoryboardName = LaunchScreen;
				INFOPLIST_KEY_UIMainStoryboardFile = Main;
				INFOPLIST_KEY_UISupportedInterfaceOrientations_iPad = "UIInterfaceOrientationPortrait UIInterfaceOrientationPortraitUpsideDown UIInterfaceOrientationLandscapeLeft UIInterfaceOrientationLandscapeRight";
				INFOPLIST_KEY_UISupportedInterfaceOrientations_iPhone = "UIInterfaceOrientationPortrait UIInterfaceOrientationLandscapeLeft UIInterfaceOrientationLandscapeRight";
				LD_RUNPATH_SEARCH_PATHS = (
					"$(inherited)",
					"@executable_path/Frameworks",
				);
				MARKETING_VERSION = 1.0;
				PRODUCT_BUNDLE_IDENTIFIER = pedrex.com.project;
				PRODUCT_NAME = "$(TARGET_NAME)";
				SWIFT_EMIT_LOC_STRINGS = YES;
				SWIFT_VERSION = 5.0;
				TARGETED_DEVICE_FAMILY = "1,2";
			};
			name = Release;
		};
/* End XCBuildConfiguration section */

/* Begin XCConfigurationList section */
		651A24222BEAD9710092375C /* Build configuration list for PBXProject "project" */ = {
			isa = XCConfigurationList;
			buildConfigurations = (
				651A243C2BEAD9720092375C /* Debug */,
				651A243D2BEAD9720092375C /* Release */,
			);
			defaultConfigurationIsVisible = 0;
			defaultConfigurationName = Release;
		};
		651A243E2BEAD9720092375C /* Build configuration list for PBXNativeTarget "project" */ = {
			isa = XCConfigurationList;
			buildConfigurations = (
				651A243F2BEAD9720092375C /* Debug */,
				651A24402BEAD9720092375C /* Release */,
			);
			defaultConfigurationIsVisible = 0;
			defaultConfigurationName = Release;
		};
/* End XCConfigurationList section */

/* Begin XCVersionGroup section */
		651A24332BEAD9710092375C /* project.xcdatamodeld */ = {
			isa = XCVersionGroup;
			children = (
				651A24342BEAD9710092375C /* project.xcdatamodel */,
			);
			currentVersion = 651A24342BEAD9710092375C /* project.xcdatamodel */;
			path = project.xcdatamodeld;
			sourceTree = "<group>";
			versionGroupType = wrapper.xcdatamodel;
		};
		65919D122BEC33C10030A283 /* ProblemLib.xcdatamodeld */ = {
			isa = XCVersionGroup;
			children = (
				65919D132BEC33C10030A283 /* ProblemLib.xcdatamodel */,
			);
			currentVersion = 65919D132BEC33C10030A283 /* ProblemLib.xcdatamodel */;
			path = ProblemLib.xcdatamodeld;
			sourceTree = "<group>";
			versionGroupType = wrapper.xcdatamodel;
		};
/* End XCVersionGroup section */
	};
	rootObject = 651A241F2BEAD9710092375C /* Project object */;
}
